{
  "name": "liquidate-root",
  "version": "0.1.0",
  "lockfileVersion": 2,
  "requires": true,
  "packages": {
    "": {
      "name": "liquidate-root",
      "version": "0.1.0",
      "license": "MIT",
      "workspaces": [
        "packages/*",
        "apps/*"
      ]
    },
    "apps/liquidate-example": {
      "version": "0.1.0",
      "license": "MIT"
    },
    "node_modules/liquidate": {
      "resolved": "packages/liquidate",
      "link": true
    },
    "node_modules/liquidate-example": {
      "resolved": "apps/liquidate-example",
      "link": true
    },
    "packages/liquidate": {
      "version": "0.1.0",
      "license": "MIT"
    }
  },
  "dependencies": {
    "liquidate": {
      "version": "file:packages/liquidate"
    },
    "liquidate-example": {
      "version": "file:apps/liquidate-example"
    }
  }
}
